
Microsoft Visual Studio Solution File, Format Version 12.00
# Visual Studio Version 16
VisualStudioVersion = 16.0.30406.217
MinimumVisualStudioVersion = 10.0.40219.1
Project("{FAE04EC0-301F-11D3-BF4B-00C04F79EFBC}") = "Gæld", "Gæld\Gæld.csproj", "{FB309828-81EA-446A-934E-78EF6E7A5D07}"
EndProject
Global
	GlobalSection(SolutionConfigurationPlatforms) = preSolution
		Debug|Any CPU = Debug|Any CPU
		Release|Any CPU = Release|Any CPU
	EndGlobalSection
	GlobalSection(ProjectConfigurationPlatforms) = postSolution
		{FB309828-81EA-446A-934E-78EF6E7A5D07}.Debug|Any CPU.ActiveCfg = Debug|Any CPU
		{FB309828-81EA-446A-934E-78EF6E7A5D07}.Debug|Any CPU.Build.0 = Debug|Any CPU
		{FB309828-81EA-446A-934E-78EF6E7A5D07}.Release|Any CPU.ActiveCfg = Release|Any CPU
		{FB309828-81EA-446A-934E-78EF6E7A5D07}.Release|Any CPU.Build.0 = Release|Any CPU
	EndGlobalSection
	GlobalSection(SolutionProperties) = preSolution
		HideSolutionNode = FALSE
	EndGlobalSection
	GlobalSection(ExtensibilityGlobals) = postSolution
		SolutionGuid = {06D9A49D-E36D-46A1-93FF-CA3535C8A0CF}
	EndGlobalSection
EndGlobal
